
Microsoft Visual Studio Solution File, Format Version 12.00
# Visual Studio Version 16
VisualStudioVersion = 16.0.29403.142
MinimumVisualStudioVersion = 10.0.40219.1
Project("{FAE04EC0-301F-11D3-BF4B-00C04F79EFBC}") = "ISAD157 Coursework", "ISAD157 Coursework.csproj", "{A9BA6C06-B2C1-4CC9-821C-1529B9588424}"
EndProject
Global
	GlobalSection(SolutionConfigurationPlatforms) = preSolution
		Debug|Any CPU = Debug|Any CPU
		Release|Any CPU = Release|Any CPU
	EndGlobalSection
	GlobalSection(ProjectConfigurationPlatforms) = postSolution
		{A9BA6C06-B2C1-4CC9-821C-1529B9588424}.Debug|Any CPU.ActiveCfg = Debug|Any CPU
		{A9BA6C06-B2C1-4CC9-821C-1529B9588424}.Debug|Any CPU.Build.0 = Debug|Any CPU
		{A9BA6C06-B2C1-4CC9-821C-1529B9588424}.Release|Any CPU.ActiveCfg = Release|Any CPU
		{A9BA6C06-B2C1-4CC9-821C-1529B9588424}.Release|Any CPU.Build.0 = Release|Any CPU
	EndGlobalSection
	GlobalSection(SolutionProperties) = preSolution
		HideSolutionNode = FALSE
	EndGlobalSection
	GlobalSection(ExtensibilityGlobals) = postSolution
		SolutionGuid = {E86162D8-AA30-4974-A08C-3B43DD39087B}
	EndGlobalSection
EndGlobal
